
Microsoft Visual Studio Solution File, Format Version 12.00
# Visual Studio Version 17
VisualStudioVersion = 17.9.34607.119
MinimumVisualStudioVersion = 10.0.40219.1
Project("{9A19103F-16F7-4668-BE54-9A1E7A4F7556}") = "Core_proje", "Core_proje\Core_proje.csproj", "{BEAACC60-E50F-4F98-8006-34BF9F919A6B}"
EndProject
Project("{9A19103F-16F7-4668-BE54-9A1E7A4F7556}") = "EntityLayer", "EntityLayer\EntityLayer.csproj", "{AC735753-2D21-41BD-B050-E108A1A2045D}"
EndProject
Project("{9A19103F-16F7-4668-BE54-9A1E7A4F7556}") = "DataAccessLayer", "DataAccessLayer\DataAccessLayer.csproj", "{A0961F1B-A8DA-4E2F-B861-3D201D0C5134}"
EndProject
Project("{9A19103F-16F7-4668-BE54-9A1E7A4F7556}") = "BusinessLayer", "BusinessLayer\BusinessLayer.csproj", "{943A6418-330C-43AA-9151-73FADC1FB9D0}"
EndProject
Project("{FAE04EC0-301F-11D3-BF4B-00C04F79EFBC}") = "Core_Proje_api", "Core_Proje_api\Core_Proje_api.csproj", "{A8BFDC6E-3500-4058-91B0-A3FF1BA4DBF5}"
EndProject
Global
	GlobalSection(SolutionConfigurationPlatforms) = preSolution
		Debug|Any CPU = Debug|Any CPU
		Release|Any CPU = Release|Any CPU
	EndGlobalSection
	GlobalSection(ProjectConfigurationPlatforms) = postSolution
		{BEAACC60-E50F-4F98-8006-34BF9F919A6B}.Debug|Any CPU.ActiveCfg = Debug|Any CPU
		{BEAACC60-E50F-4F98-8006-34BF9F919A6B}.Debug|Any CPU.Build.0 = Debug|Any CPU
		{BEAACC60-E50F-4F98-8006-34BF9F919A6B}.Release|Any CPU.ActiveCfg = Release|Any CPU
		{BEAACC60-E50F-4F98-8006-34BF9F919A6B}.Release|Any CPU.Build.0 = Release|Any CPU
		{AC735753-2D21-41BD-B050-E108A1A2045D}.Debug|Any CPU.ActiveCfg = Debug|Any CPU
		{AC735753-2D21-41BD-B050-E108A1A2045D}.Debug|Any CPU.Build.0 = Debug|Any CPU
		{AC735753-2D21-41BD-B050-E108A1A2045D}.Release|Any CPU.ActiveCfg = Release|Any CPU
		{AC735753-2D21-41BD-B050-E108A1A2045D}.Release|Any CPU.Build.0 = Release|Any CPU
		{A0961F1B-A8DA-4E2F-B861-3D201D0C5134}.Debug|Any CPU.ActiveCfg = Debug|Any CPU
		{A0961F1B-A8DA-4E2F-B861-3D201D0C5134}.Debug|Any CPU.Build.0 = Debug|Any CPU
		{A0961F1B-A8DA-4E2F-B861-3D201D0C5134}.Release|Any CPU.ActiveCfg = Release|Any CPU
		{A0961F1B-A8DA-4E2F-B861-3D201D0C5134}.Release|Any CPU.Build.0 = Release|Any CPU
		{943A6418-330C-43AA-9151-73FADC1FB9D0}.Debug|Any CPU.ActiveCfg = Debug|Any CPU
		{943A6418-330C-43AA-9151-73FADC1FB9D0}.Debug|Any CPU.Build.0 = Debug|Any CPU
		{943A6418-330C-43AA-9151-73FADC1FB9D0}.Release|Any CPU.ActiveCfg = Release|Any CPU
		{943A6418-330C-43AA-9151-73FADC1FB9D0}.Release|Any CPU.Build.0 = Release|Any CPU
		{A8BFDC6E-3500-4058-91B0-A3FF1BA4DBF5}.Debug|Any CPU.ActiveCfg = Debug|Any CPU
		{A8BFDC6E-3500-4058-91B0-A3FF1BA4DBF5}.Debug|Any CPU.Build.0 = Debug|Any CPU
		{A8BFDC6E-3500-4058-91B0-A3FF1BA4DBF5}.Release|Any CPU.ActiveCfg = Release|Any CPU
		{A8BFDC6E-3500-4058-91B0-A3FF1BA4DBF5}.Release|Any CPU.Build.0 = Release|Any CPU
	EndGlobalSection
	GlobalSection(SolutionProperties) = preSolution
		HideSolutionNode = FALSE
	EndGlobalSection
	GlobalSection(ExtensibilityGlobals) = postSolution
		SolutionGuid = {67BE8C70-08B1-43CB-8D79-B72355DE1A83}
	EndGlobalSection
EndGlobal
